
Microsoft Visual Studio Solution File, Format Version 12.00
# Visual Studio Version 17
VisualStudioVersion = 17.8.34511.84
MinimumVisualStudioVersion = 10.0.40219.1
Project("{FAE04EC0-301F-11D3-BF4B-00C04F79EFBC}") = "ArcillaWeb.Server", "ArcillaWeb.Server\ArcillaWeb.Server.csproj", "{2B5CF829-CCE9-45DD-8003-9C9DBD0A82CE}"
EndProject
Project("{54A90642-561A-4BB1-A94E-469ADEE60C69}") = "arcillaweb.client", "arcillaweb.client\arcillaweb.client.esproj", "{CF5E1D8C-6370-4448-AC7B-4C16BC0921F0}"
EndProject
Global
	GlobalSection(SolutionConfigurationPlatforms) = preSolution
		Debug|Any CPU = Debug|Any CPU
		Release|Any CPU = Release|Any CPU
	EndGlobalSection
	GlobalSection(ProjectConfigurationPlatforms) = postSolution
		{2B5CF829-CCE9-45DD-8003-9C9DBD0A82CE}.Debug|Any CPU.ActiveCfg = Debug|Any CPU
		{2B5CF829-CCE9-45DD-8003-9C9DBD0A82CE}.Debug|Any CPU.Build.0 = Debug|Any CPU
		{2B5CF829-CCE9-45DD-8003-9C9DBD0A82CE}.Release|Any CPU.ActiveCfg = Release|Any CPU
		{2B5CF829-CCE9-45DD-8003-9C9DBD0A82CE}.Release|Any CPU.Build.0 = Release|Any CPU
		{CF5E1D8C-6370-4448-AC7B-4C16BC0921F0}.Debug|Any CPU.ActiveCfg = Debug|Any CPU
		{CF5E1D8C-6370-4448-AC7B-4C16BC0921F0}.Debug|Any CPU.Build.0 = Debug|Any CPU
		{CF5E1D8C-6370-4448-AC7B-4C16BC0921F0}.Debug|Any CPU.Deploy.0 = Debug|Any CPU
		{CF5E1D8C-6370-4448-AC7B-4C16BC0921F0}.Release|Any CPU.ActiveCfg = Release|Any CPU
		{CF5E1D8C-6370-4448-AC7B-4C16BC0921F0}.Release|Any CPU.Build.0 = Release|Any CPU
		{CF5E1D8C-6370-4448-AC7B-4C16BC0921F0}.Release|Any CPU.Deploy.0 = Release|Any CPU
	EndGlobalSection
	GlobalSection(SolutionProperties) = preSolution
		HideSolutionNode = FALSE
	EndGlobalSection
	GlobalSection(ExtensibilityGlobals) = postSolution
		SolutionGuid = {AF7AD8A9-5F48-45BC-A76E-7B0D416CA049}
	EndGlobalSection
EndGlobal
